
Microsoft Visual Studio Solution File, Format Version 12.00
Project("{FAE04EC0-301F-11D3-BF4B-00C04F79EFBC}") = "AutoClosedUnionGenerator", "AutoClosedUnionGenerator\AutoClosedUnionGenerator\AutoClosedUnionGenerator.csproj", "{CF8D8128-1065-4369-A06D-20D632A1ECF9}"
EndProject
Project("{FAE04EC0-301F-11D3-BF4B-00C04F79EFBC}") = "AutoClosedUnionGenerator.Tests", "AutoClosedUnionGenerator\AutoClosedUnionGenerator.Tests\AutoClosedUnionGenerator.Tests.csproj", "{9B57B446-B402-4384-8708-906BCE3E56D3}"
EndProject
Project("{FAE04EC0-301F-11D3-BF4B-00C04F79EFBC}") = "AutoClosedUnionGenerator.Sample", "AutoClosedUnionGenerator.Sample\AutoClosedUnionGenerator.Sample.csproj", "{E50B2B40-7BCA-4DBB-81F0-3486BDC31574}"
EndProject
Global
	GlobalSection(SolutionConfigurationPlatforms) = preSolution
		Debug|Any CPU = Debug|Any CPU
		Release|Any CPU = Release|Any CPU
	EndGlobalSection
	GlobalSection(ProjectConfigurationPlatforms) = postSolution
		{CF8D8128-1065-4369-A06D-20D632A1ECF9}.Debug|Any CPU.ActiveCfg = Debug|Any CPU
		{CF8D8128-1065-4369-A06D-20D632A1ECF9}.Debug|Any CPU.Build.0 = Debug|Any CPU
		{CF8D8128-1065-4369-A06D-20D632A1ECF9}.Release|Any CPU.ActiveCfg = Release|Any CPU
		{CF8D8128-1065-4369-A06D-20D632A1ECF9}.Release|Any CPU.Build.0 = Release|Any CPU
		{9B57B446-B402-4384-8708-906BCE3E56D3}.Debug|Any CPU.ActiveCfg = Debug|Any CPU
		{9B57B446-B402-4384-8708-906BCE3E56D3}.Debug|Any CPU.Build.0 = Debug|Any CPU
		{9B57B446-B402-4384-8708-906BCE3E56D3}.Release|Any CPU.ActiveCfg = Release|Any CPU
		{9B57B446-B402-4384-8708-906BCE3E56D3}.Release|Any CPU.Build.0 = Release|Any CPU
		{E50B2B40-7BCA-4DBB-81F0-3486BDC31574}.Debug|Any CPU.ActiveCfg = Debug|Any CPU
		{E50B2B40-7BCA-4DBB-81F0-3486BDC31574}.Debug|Any CPU.Build.0 = Debug|Any CPU
		{E50B2B40-7BCA-4DBB-81F0-3486BDC31574}.Release|Any CPU.ActiveCfg = Release|Any CPU
		{E50B2B40-7BCA-4DBB-81F0-3486BDC31574}.Release|Any CPU.Build.0 = Release|Any CPU
	EndGlobalSection
EndGlobal
